<?xml version="1.0" encoding="utf-8"?>
<Project ToolsVersion="4.0" xmlns="http://schemas.microsoft.com/developer/msbuild/2003">
  <ItemGroup>
    <ClInclude Include="precomp.h">
      <Filter>support</Filter>
    </ClInclude>
    <ClInclude Include="..\Common.h">
      <Filter>support</Filter>
    </ClInclude>
  </ItemGroup>
  <ItemGroup>
    <ClCompile Include="precomp.cpp">
      <Filter>support</Filter>
    </ClCompile>
    <ClCompile Include="CompilerMain.cpp" />
    <ClCompile Include="..\Il\Ir\Instructions\Description.cpp" />
  </ItemGroup>
  <ItemGroup>
    <Filter Include="support">
      <UniqueIdentifier>{d82a03ae-05bf-4a28-8b2a-78f84f77684d}</UniqueIdentifier>
    </Filter>
  </ItemGroup>
</Project>